
Microsoft Visual Studio Solution File, Format Version 12.00
# Visual Studio Version 16
VisualStudioVersion = 16.0.30517.126
MinimumVisualStudioVersion = 10.0.40219.1
Project("{2150E333-8FDC-42A3-9474-1A3956D46DE8}") = "_Solution Items", "_Solution Items", "{8CAA2057-A09F-40A7-BCB5-896A2D14CBB9}"
	ProjectSection(SolutionItems) = preProject
		.editorconfig = .editorconfig
		DESIGN-NOTES.md = DESIGN-NOTES.md
		Directory.Build.props = Directory.Build.props
		README.md = README.md
		SPEC.md = SPEC.md
	EndProjectSection
EndProject
Project("{2150E333-8FDC-42A3-9474-1A3956D46DE8}") = "_ProjectCommons", "_ProjectCommons", "{4B737508-B288-4737-A1F3-FA974FD3132B}"
	ProjectSection(SolutionItems) = preProject
		_ProjectCommons\Project.Code.props = _ProjectCommons\Project.Code.props
		_ProjectCommons\Project.Code_Packages.props = _ProjectCommons\Project.Code_Packages.props
		_ProjectCommons\Project.NuGetPackage.props = _ProjectCommons\Project.NuGetPackage.props
		_ProjectCommons\Project.NuGetPackage_Post.props = _ProjectCommons\Project.NuGetPackage_Post.props
		_ProjectCommons\Project.Shared.props = _ProjectCommons\Project.Shared.props
		_ProjectCommons\Project.Shared_Packages.props = _ProjectCommons\Project.Shared_Packages.props
		_ProjectCommons\Project.Tests.props = _ProjectCommons\Project.Tests.props
		_ProjectCommons\Project.Tests_Packages.props = _ProjectCommons\Project.Tests_Packages.props
	EndProjectSection
EndProject
Project("{9A19103F-16F7-4668-BE54-9A1E7A4F7556}") = "HDVP", "src\HDVP\HDVP.csproj", "{2EF875B4-0BF8-43B0-85CC-65A55A2418C1}"
EndProject
Project("{9A19103F-16F7-4668-BE54-9A1E7A4F7556}") = "HDVP.Util", "src\HDVP.Util\HDVP.Util.csproj", "{69E94CC7-D16C-4432-8830-2A7F313DAB8F}"
EndProject
Project("{9A19103F-16F7-4668-BE54-9A1E7A4F7556}") = "HDVP.Tests", "tests\HDVP.Tests\HDVP.Tests.csproj", "{FBF993C8-E190-4158-AB3E-5BBC07F7DC0C}"
EndProject
Global
	GlobalSection(SolutionConfigurationPlatforms) = preSolution
		Debug|Any CPU = Debug|Any CPU
		Release|Any CPU = Release|Any CPU
	EndGlobalSection
	GlobalSection(ProjectConfigurationPlatforms) = postSolution
		{2EF875B4-0BF8-43B0-85CC-65A55A2418C1}.Debug|Any CPU.ActiveCfg = Debug|Any CPU
		{2EF875B4-0BF8-43B0-85CC-65A55A2418C1}.Debug|Any CPU.Build.0 = Debug|Any CPU
		{2EF875B4-0BF8-43B0-85CC-65A55A2418C1}.Release|Any CPU.ActiveCfg = Release|Any CPU
		{2EF875B4-0BF8-43B0-85CC-65A55A2418C1}.Release|Any CPU.Build.0 = Release|Any CPU
		{69E94CC7-D16C-4432-8830-2A7F313DAB8F}.Debug|Any CPU.ActiveCfg = Debug|Any CPU
		{69E94CC7-D16C-4432-8830-2A7F313DAB8F}.Debug|Any CPU.Build.0 = Debug|Any CPU
		{69E94CC7-D16C-4432-8830-2A7F313DAB8F}.Release|Any CPU.ActiveCfg = Release|Any CPU
		{69E94CC7-D16C-4432-8830-2A7F313DAB8F}.Release|Any CPU.Build.0 = Release|Any CPU
		{FBF993C8-E190-4158-AB3E-5BBC07F7DC0C}.Debug|Any CPU.ActiveCfg = Debug|Any CPU
		{FBF993C8-E190-4158-AB3E-5BBC07F7DC0C}.Debug|Any CPU.Build.0 = Debug|Any CPU
		{FBF993C8-E190-4158-AB3E-5BBC07F7DC0C}.Release|Any CPU.ActiveCfg = Release|Any CPU
		{FBF993C8-E190-4158-AB3E-5BBC07F7DC0C}.Release|Any CPU.Build.0 = Release|Any CPU
	EndGlobalSection
	GlobalSection(SolutionProperties) = preSolution
		HideSolutionNode = FALSE
	EndGlobalSection
	GlobalSection(NestedProjects) = preSolution
		{4B737508-B288-4737-A1F3-FA974FD3132B} = {8CAA2057-A09F-40A7-BCB5-896A2D14CBB9}
	EndGlobalSection
	GlobalSection(ExtensibilityGlobals) = postSolution
		SolutionGuid = {0D68FF8E-2655-4D35-B624-8C3FEFE2D36C}
	EndGlobalSection
EndGlobal
